blitiri.com.ar/go/spf v1.6.0 h1:TK91HOya1R2J5b+x+NZfdYTqDqbr+Q+hil5gy8WzLDQ=
blitiri.com.ar/go/spf v1.6.0/go.mod h1:x9HYT28jEB65YMJOIVWSx0p88YCJ2h1N0fDFEhhWFBc=
github.com/chrj/keyrate v0.2.5 h1:PqIbMzAz1tHhyLbumju4VexIg4Pn5nuL8qTIU1pivdg=
github.com/chrj/keyrate v0.2.5/go.mod h1:8ySCFT+ZSxR4hRLwAT4VIobUSrEj56IGI+crY4W641A=
golang.org/x/time v0.16.0 h1:vMb6ptszcQMkcwiRTAuNNU50gom6++Q/6gY2hDM6VDE=
golang.org/x/time v0.16.0/go.mod h1:rVKOqvZeKvrDKTQiAHJ7wmwP0RzleSphoEA9RcdLA0s=
gopkg.in/yaml.v3 v3.0.1 h1:fxVm/GzAzEWqLHuvctI91KS9hhNmmWOoWu0XTYJS7CA=
gopkg.in/yaml.v3 v3.0.1/go.mod h1:K4uyk7z7BCEPqu6E+C64Yfv1cQ7kz7rIZviUmN+EgEM=
